
Microsoft Visual Studio Solution File, Format Version 12.00
# Visual Studio 2012
Project("{FAE04EC0-301F-11D3-BF4B-00C04F79EFBC}") = "FeedReaderCorePortableWinRT", "FeedReaderCorePortableWinRT\FeedReaderCorePortableWinRT.csproj", "{3DBFF080-1703-433B-A628-B29792CCC97C}"
EndProject
Project("{2150E333-8FDC-42A3-9474-1A3956D46DE8}") = "WinRT", "WinRT", "{1CE06308-1858-4E2C-8629-133DCD7068C5}"
EndProject
Project("{FAE04EC0-301F-11D3-BF4B-00C04F79EFBC}") = "FeedReaderWP8", "FeedReaderWP8\FeedReaderWP8.csproj", "{823A043B-154D-46BA-92BE-70E5F25091CE}"
EndProject
Project("{FAE04EC0-301F-11D3-BF4B-00C04F79EFBC}") = "FeedReaderWin8", "FeedReaderWin8\FeedReaderWin8.csproj", "{497570A0-54C7-4EBD-9162-D814E8F03B10}"
EndProject
Project("{2150E333-8FDC-42A3-9474-1A3956D46DE8}") = "WP7", "WP7", "{674220EB-3850-48A1-A605-A231841E72CC}"
EndProject
Project("{FAE04EC0-301F-11D3-BF4B-00C04F79EFBC}") = "FeedReaderCodeWP7", "FeedReaderCodeWP7\FeedReaderCodeWP7.csproj", "{5D8FF593-FB15-4361-880E-3BAEE0E2F584}"
EndProject
Project("{FAE04EC0-301F-11D3-BF4B-00C04F79EFBC}") = "FeedReaderWP7", "FeedReaderWP7\FeedReaderWP7.csproj", "{430355F1-D423-47FE-844D-17CA30AC1106}"
EndProject
Project("{2150E333-8FDC-42A3-9474-1A3956D46DE8}") = "JS", "JS", "{A42BFA51-F68B-4231-8DDD-DD7DD79CA0B2}"
EndProject
Global
	GlobalSection(SolutionConfigurationPlatforms) = preSolution
		Debug|Any CPU = Debug|Any CPU
		Debug|ARM = Debug|ARM
		Debug|x64 = Debug|x64
		Debug|x86 = Debug|x86
		Release|Any CPU = Release|Any CPU
		Release|ARM = Release|ARM
		Release|x64 = Release|x64
		Release|x86 = Release|x86
	EndGlobalSection
	GlobalSection(ProjectConfigurationPlatforms) = postSolution
		{3DBFF080-1703-433B-A628-B29792CCC97C}.Debug|Any CPU.ActiveCfg = Debug|Any CPU
		{3DBFF080-1703-433B-A628-B29792CCC97C}.Debug|Any CPU.Build.0 = Debug|Any CPU
		{3DBFF080-1703-433B-A628-B29792CCC97C}.Debug|ARM.ActiveCfg = Debug|Any CPU
		{3DBFF080-1703-433B-A628-B29792CCC97C}.Debug|x64.ActiveCfg = Debug|Any CPU
		{3DBFF080-1703-433B-A628-B29792CCC97C}.Debug|x86.ActiveCfg = Debug|Any CPU
		{3DBFF080-1703-433B-A628-B29792CCC97C}.Release|Any CPU.ActiveCfg = Release|Any CPU
		{3DBFF080-1703-433B-A628-B29792CCC97C}.Release|Any CPU.Build.0 = Release|Any CPU
		{3DBFF080-1703-433B-A628-B29792CCC97C}.Release|ARM.ActiveCfg = Release|Any CPU
		{3DBFF080-1703-433B-A628-B29792CCC97C}.Release|x64.ActiveCfg = Release|Any CPU
		{3DBFF080-1703-433B-A628-B29792CCC97C}.Release|x86.ActiveCfg = Release|Any CPU
		{823A043B-154D-46BA-92BE-70E5F25091CE}.Debug|Any CPU.ActiveCfg = Debug|Any CPU
		{823A043B-154D-46BA-92BE-70E5F25091CE}.Debug|Any CPU.Build.0 = Debug|Any CPU
		{823A043B-154D-46BA-92BE-70E5F25091CE}.Debug|Any CPU.Deploy.0 = Debug|Any CPU
		{823A043B-154D-46BA-92BE-70E5F25091CE}.Debug|ARM.ActiveCfg = Debug|ARM
		{823A043B-154D-46BA-92BE-70E5F25091CE}.Debug|ARM.Build.0 = Debug|ARM
		{823A043B-154D-46BA-92BE-70E5F25091CE}.Debug|ARM.Deploy.0 = Debug|ARM
		{823A043B-154D-46BA-92BE-70E5F25091CE}.Debug|x64.ActiveCfg = Debug|Any CPU
		{823A043B-154D-46BA-92BE-70E5F25091CE}.Debug|x86.ActiveCfg = Debug|x86
		{823A043B-154D-46BA-92BE-70E5F25091CE}.Debug|x86.Build.0 = Debug|x86
		{823A043B-154D-46BA-92BE-70E5F25091CE}.Debug|x86.Deploy.0 = Debug|x86
		{823A043B-154D-46BA-92BE-70E5F25091CE}.Release|Any CPU.ActiveCfg = Release|Any CPU
		{823A043B-154D-46BA-92BE-70E5F25091CE}.Release|Any CPU.Build.0 = Release|Any CPU
		{823A043B-154D-46BA-92BE-70E5F25091CE}.Release|Any CPU.Deploy.0 = Release|Any CPU
		{823A043B-154D-46BA-92BE-70E5F25091CE}.Release|ARM.ActiveCfg = Release|ARM
		{823A043B-154D-46BA-92BE-70E5F25091CE}.Release|ARM.Build.0 = Release|ARM
		{823A043B-154D-46BA-92BE-70E5F25091CE}.Release|ARM.Deploy.0 = Release|ARM
		{823A043B-154D-46BA-92BE-70E5F25091CE}.Release|x64.ActiveCfg = Release|Any CPU
		{823A043B-154D-46BA-92BE-70E5F25091CE}.Release|x86.ActiveCfg = Release|x86
		{823A043B-154D-46BA-92BE-70E5F25091CE}.Release|x86.Build.0 = Release|x86
		{823A043B-154D-46BA-92BE-70E5F25091CE}.Release|x86.Deploy.0 = Release|x86
		{497570A0-54C7-4EBD-9162-D814E8F03B10}.Debug|Any CPU.ActiveCfg = Debug|Any CPU
		{497570A0-54C7-4EBD-9162-D814E8F03B10}.Debug|Any CPU.Build.0 = Debug|Any CPU
		{497570A0-54C7-4EBD-9162-D814E8F03B10}.Debug|Any CPU.Deploy.0 = Debug|Any CPU
		{497570A0-54C7-4EBD-9162-D814E8F03B10}.Debug|ARM.ActiveCfg = Debug|ARM
		{497570A0-54C7-4EBD-9162-D814E8F03B10}.Debug|ARM.Build.0 = Debug|ARM
		{497570A0-54C7-4EBD-9162-D814E8F03B10}.Debug|ARM.Deploy.0 = Debug|ARM
		{497570A0-54C7-4EBD-9162-D814E8F03B10}.Debug|x64.ActiveCfg = Debug|x64
		{497570A0-54C7-4EBD-9162-D814E8F03B10}.Debug|x64.Build.0 = Debug|x64
		{497570A0-54C7-4EBD-9162-D814E8F03B10}.Debug|x64.Deploy.0 = Debug|x64
		{497570A0-54C7-4EBD-9162-D814E8F03B10}.Debug|x86.ActiveCfg = Debug|x86
		{497570A0-54C7-4EBD-9162-D814E8F03B10}.Debug|x86.Build.0 = Debug|x86
		{497570A0-54C7-4EBD-9162-D814E8F03B10}.Debug|x86.Deploy.0 = Debug|x86
		{497570A0-54C7-4EBD-9162-D814E8F03B10}.Release|Any CPU.ActiveCfg = Release|Any CPU
		{497570A0-54C7-4EBD-9162-D814E8F03B10}.Release|Any CPU.Build.0 = Release|Any CPU
		{497570A0-54C7-4EBD-9162-D814E8F03B10}.Release|Any CPU.Deploy.0 = Release|Any CPU
		{497570A0-54C7-4EBD-9162-D814E8F03B10}.Release|ARM.ActiveCfg = Release|ARM
		{497570A0-54C7-4EBD-9162-D814E8F03B10}.Release|ARM.Build.0 = Release|ARM
		{497570A0-54C7-4EBD-9162-D814E8F03B10}.Release|ARM.Deploy.0 = Release|ARM
		{497570A0-54C7-4EBD-9162-D814E8F03B10}.Release|x64.ActiveCfg = Release|x64
		{497570A0-54C7-4EBD-9162-D814E8F03B10}.Release|x64.Build.0 = Release|x64
		{497570A0-54C7-4EBD-9162-D814E8F03B10}.Release|x64.Deploy.0 = Release|x64
		{497570A0-54C7-4EBD-9162-D814E8F03B10}.Release|x86.ActiveCfg = Release|x86
		{497570A0-54C7-4EBD-9162-D814E8F03B10}.Release|x86.Build.0 = Release|x86
		{497570A0-54C7-4EBD-9162-D814E8F03B10}.Release|x86.Deploy.0 = Release|x86
		{5D8FF593-FB15-4361-880E-3BAEE0E2F584}.Debug|Any CPU.ActiveCfg = Debug|Any CPU
		{5D8FF593-FB15-4361-880E-3BAEE0E2F584}.Debug|Any CPU.Build.0 = Debug|Any CPU
		{5D8FF593-FB15-4361-880E-3BAEE0E2F584}.Debug|ARM.ActiveCfg = Debug|Any CPU
		{5D8FF593-FB15-4361-880E-3BAEE0E2F584}.Debug|x64.ActiveCfg = Debug|Any CPU
		{5D8FF593-FB15-4361-880E-3BAEE0E2F584}.Debug|x86.ActiveCfg = Debug|Any CPU
		{5D8FF593-FB15-4361-880E-3BAEE0E2F584}.Release|Any CPU.ActiveCfg = Release|Any CPU
		{5D8FF593-FB15-4361-880E-3BAEE0E2F584}.Release|Any CPU.Build.0 = Release|Any CPU
		{5D8FF593-FB15-4361-880E-3BAEE0E2F584}.Release|ARM.ActiveCfg = Release|Any CPU
		{5D8FF593-FB15-4361-880E-3BAEE0E2F584}.Release|x64.ActiveCfg = Release|Any CPU
		{5D8FF593-FB15-4361-880E-3BAEE0E2F584}.Release|x86.ActiveCfg = Release|Any CPU
		{430355F1-D423-47FE-844D-17CA30AC1106}.Debug|Any CPU.ActiveCfg = Debug|Any CPU
		{430355F1-D423-47FE-844D-17CA30AC1106}.Debug|Any CPU.Build.0 = Debug|Any CPU
		{430355F1-D423-47FE-844D-17CA30AC1106}.Debug|Any CPU.Deploy.0 = Debug|Any CPU
		{430355F1-D423-47FE-844D-17CA30AC1106}.Debug|ARM.ActiveCfg = Debug|Any CPU
		{430355F1-D423-47FE-844D-17CA30AC1106}.Debug|x64.ActiveCfg = Debug|Any CPU
		{430355F1-D423-47FE-844D-17CA30AC1106}.Debug|x86.ActiveCfg = Debug|Any CPU
		{430355F1-D423-47FE-844D-17CA30AC1106}.Release|Any CPU.ActiveCfg = Release|Any CPU
		{430355F1-D423-47FE-844D-17CA30AC1106}.Release|Any CPU.Build.0 = Release|Any CPU
		{430355F1-D423-47FE-844D-17CA30AC1106}.Release|Any CPU.Deploy.0 = Release|Any CPU
		{430355F1-D423-47FE-844D-17CA30AC1106}.Release|ARM.ActiveCfg = Release|Any CPU
		{430355F1-D423-47FE-844D-17CA30AC1106}.Release|x64.ActiveCfg = Release|Any CPU
		{430355F1-D423-47FE-844D-17CA30AC1106}.Release|x86.ActiveCfg = Release|Any CPU
	EndGlobalSection
	GlobalSection(SolutionProperties) = preSolution
		HideSolutionNode = FALSE
	EndGlobalSection
	GlobalSection(NestedProjects) = preSolution
		{3DBFF080-1703-433B-A628-B29792CCC97C} = {1CE06308-1858-4E2C-8629-133DCD7068C5}
		{823A043B-154D-46BA-92BE-70E5F25091CE} = {1CE06308-1858-4E2C-8629-133DCD7068C5}
		{497570A0-54C7-4EBD-9162-D814E8F03B10} = {1CE06308-1858-4E2C-8629-133DCD7068C5}
		{5D8FF593-FB15-4361-880E-3BAEE0E2F584} = {674220EB-3850-48A1-A605-A231841E72CC}
		{430355F1-D423-47FE-844D-17CA30AC1106} = {674220EB-3850-48A1-A605-A231841E72CC}
	EndGlobalSection
EndGlobal
