
Microsoft Visual Studio Solution File, Format Version 12.00
# Visual Studio 14
VisualStudioVersion = 14.0.22310.1
MinimumVisualStudioVersion = 10.0.40219.1
Project("{FAE04EC0-301F-11D3-BF4B-00C04F79EFBC}") = "XPlatformFeedReader.WinPhone", "XPlatformFeedReader\XPlatformFeedReader.WinPhone\XPlatformFeedReader.WinPhone.csproj", "{5D0EC9CD-E7B3-45D0-A234-EA4C0E4F6878}"
EndProject
Project("{FAE04EC0-301F-11D3-BF4B-00C04F79EFBC}") = "XPlatformFeedReader.iOS", "XPlatformFeedReader\XPlatformFeedReader.iOS\XPlatformFeedReader.iOS.csproj", "{9C3555A6-709B-4C9B-99C4-ABAC92D0BADE}"
EndProject
Project("{FAE04EC0-301F-11D3-BF4B-00C04F79EFBC}") = "XPlatformFeedReader.Droid", "XPlatformFeedReader\XPlatformFeedReader.Droid\XPlatformFeedReader.Droid.csproj", "{D5AC3FF7-8EDD-4B89-836A-5B6C42B4E317}"
EndProject
Project("{D954291E-2A0B-460D-934E-DC6B0785DB48}") = "XPlatformFeedReader", "XPlatformFeedReader\XPlatformFeedReader\XPlatformFeedReader.shproj", "{C7622489-65FE-45E2-BFCF-F40996ABFAC2}"
EndProject
Global
	GlobalSection(SharedMSBuildProjectFiles) = preSolution
		XPlatformFeedReader\XPlatformFeedReader\XPlatformFeedReader.projitems*{d5ac3ff7-8edd-4b89-836a-5b6c42b4e317}*SharedItemsImports = 4
		XPlatformFeedReader\XPlatformFeedReader\XPlatformFeedReader.projitems*{9c3555a6-709b-4c9b-99c4-abac92d0bade}*SharedItemsImports = 4
		XPlatformFeedReader\XPlatformFeedReader\XPlatformFeedReader.projitems*{5d0ec9cd-e7b3-45d0-a234-ea4c0e4f6878}*SharedItemsImports = 4
		XPlatformFeedReader\XPlatformFeedReader\XPlatformFeedReader.projitems*{c7622489-65fe-45e2-bfcf-f40996abfac2}*SharedItemsImports = 13
	EndGlobalSection
	GlobalSection(SolutionConfigurationPlatforms) = preSolution
		Ad-Hoc|Any CPU = Ad-Hoc|Any CPU
		Ad-Hoc|ARM = Ad-Hoc|ARM
		Ad-Hoc|iPhone = Ad-Hoc|iPhone
		Ad-Hoc|iPhoneSimulator = Ad-Hoc|iPhoneSimulator
		Ad-Hoc|Mixed Platforms = Ad-Hoc|Mixed Platforms
		Ad-Hoc|x86 = Ad-Hoc|x86
		AppStore|Any CPU = AppStore|Any CPU
		AppStore|ARM = AppStore|ARM
		AppStore|iPhone = AppStore|iPhone
		AppStore|iPhoneSimulator = AppStore|iPhoneSimulator
		AppStore|Mixed Platforms = AppStore|Mixed Platforms
		AppStore|x86 = AppStore|x86
		Debug|Any CPU = Debug|Any CPU
		Debug|ARM = Debug|ARM
		Debug|iPhone = Debug|iPhone
		Debug|iPhoneSimulator = Debug|iPhoneSimulator
		Debug|Mixed Platforms = Debug|Mixed Platforms
		Debug|x86 = Debug|x86
		Release|Any CPU = Release|Any CPU
		Release|ARM = Release|ARM
		Release|iPhone = Release|iPhone
		Release|iPhoneSimulator = Release|iPhoneSimulator
		Release|Mixed Platforms = Release|Mixed Platforms
		Release|x86 = Release|x86
	EndGlobalSection
	GlobalSection(ProjectConfigurationPlatforms) = postSolution
		{5D0EC9CD-E7B3-45D0-A234-EA4C0E4F6878}.Ad-Hoc|Any CPU.ActiveCfg = Release|Any CPU
		{5D0EC9CD-E7B3-45D0-A234-EA4C0E4F6878}.Ad-Hoc|Any CPU.Build.0 = Release|Any CPU
		{5D0EC9CD-E7B3-45D0-A234-EA4C0E4F6878}.Ad-Hoc|Any CPU.Deploy.0 = Release|Any CPU
		{5D0EC9CD-E7B3-45D0-A234-EA4C0E4F6878}.Ad-Hoc|ARM.ActiveCfg = Release|ARM
		{5D0EC9CD-E7B3-45D0-A234-EA4C0E4F6878}.Ad-Hoc|ARM.Build.0 = Release|ARM
		{5D0EC9CD-E7B3-45D0-A234-EA4C0E4F6878}.Ad-Hoc|ARM.Deploy.0 = Release|ARM
		{5D0EC9CD-E7B3-45D0-A234-EA4C0E4F6878}.Ad-Hoc|iPhone.ActiveCfg = Release|Any CPU
		{5D0EC9CD-E7B3-45D0-A234-EA4C0E4F6878}.Ad-Hoc|iPhone.Build.0 = Release|Any CPU
		{5D0EC9CD-E7B3-45D0-A234-EA4C0E4F6878}.Ad-Hoc|iPhone.Deploy.0 = Release|Any CPU
		{5D0EC9CD-E7B3-45D0-A234-EA4C0E4F6878}.Ad-Hoc|iPhoneSimulator.ActiveCfg = Release|Any CPU
		{5D0EC9CD-E7B3-45D0-A234-EA4C0E4F6878}.Ad-Hoc|iPhoneSimulator.Build.0 = Release|Any CPU
		{5D0EC9CD-E7B3-45D0-A234-EA4C0E4F6878}.Ad-Hoc|iPhoneSimulator.Deploy.0 = Release|Any CPU
		{5D0EC9CD-E7B3-45D0-A234-EA4C0E4F6878}.Ad-Hoc|Mixed Platforms.ActiveCfg = Release|x86
		{5D0EC9CD-E7B3-45D0-A234-EA4C0E4F6878}.Ad-Hoc|Mixed Platforms.Build.0 = Release|x86
		{5D0EC9CD-E7B3-45D0-A234-EA4C0E4F6878}.Ad-Hoc|Mixed Platforms.Deploy.0 = Release|x86
		{5D0EC9CD-E7B3-45D0-A234-EA4C0E4F6878}.Ad-Hoc|x86.ActiveCfg = Release|x86
		{5D0EC9CD-E7B3-45D0-A234-EA4C0E4F6878}.Ad-Hoc|x86.Build.0 = Release|x86
		{5D0EC9CD-E7B3-45D0-A234-EA4C0E4F6878}.Ad-Hoc|x86.Deploy.0 = Release|x86
		{5D0EC9CD-E7B3-45D0-A234-EA4C0E4F6878}.AppStore|Any CPU.ActiveCfg = Release|Any CPU
		{5D0EC9CD-E7B3-45D0-A234-EA4C0E4F6878}.AppStore|Any CPU.Build.0 = Release|Any CPU
		{5D0EC9CD-E7B3-45D0-A234-EA4C0E4F6878}.AppStore|Any CPU.Deploy.0 = Release|Any CPU
		{5D0EC9CD-E7B3-45D0-A234-EA4C0E4F6878}.AppStore|ARM.ActiveCfg = Release|ARM
		{5D0EC9CD-E7B3-45D0-A234-EA4C0E4F6878}.AppStore|ARM.Build.0 = Release|ARM
		{5D0EC9CD-E7B3-45D0-A234-EA4C0E4F6878}.AppStore|ARM.Deploy.0 = Release|ARM
		{5D0EC9CD-E7B3-45D0-A234-EA4C0E4F6878}.AppStore|iPhone.ActiveCfg = Release|Any CPU
		{5D0EC9CD-E7B3-45D0-A234-EA4C0E4F6878}.AppStore|iPhone.Build.0 = Release|Any CPU
		{5D0EC9CD-E7B3-45D0-A234-EA4C0E4F6878}.AppStore|iPhone.Deploy.0 = Release|Any CPU
		{5D0EC9CD-E7B3-45D0-A234-EA4C0E4F6878}.AppStore|iPhoneSimulator.ActiveCfg = Release|Any CPU
		{5D0EC9CD-E7B3-45D0-A234-EA4C0E4F6878}.AppStore|iPhoneSimulator.Build.0 = Release|Any CPU
		{5D0EC9CD-E7B3-45D0-A234-EA4C0E4F6878}.AppStore|iPhoneSimulator.Deploy.0 = Release|Any CPU
		{5D0EC9CD-E7B3-45D0-A234-EA4C0E4F6878}.AppStore|Mixed Platforms.ActiveCfg = Release|x86
		{5D0EC9CD-E7B3-45D0-A234-EA4C0E4F6878}.AppStore|Mixed Platforms.Build.0 = Release|x86
		{5D0EC9CD-E7B3-45D0-A234-EA4C0E4F6878}.AppStore|Mixed Platforms.Deploy.0 = Release|x86
		{5D0EC9CD-E7B3-45D0-A234-EA4C0E4F6878}.AppStore|x86.ActiveCfg = Release|x86
		{5D0EC9CD-E7B3-45D0-A234-EA4C0E4F6878}.AppStore|x86.Build.0 = Release|x86
		{5D0EC9CD-E7B3-45D0-A234-EA4C0E4F6878}.AppStore|x86.Deploy.0 = Release|x86
		{5D0EC9CD-E7B3-45D0-A234-EA4C0E4F6878}.Debug|Any CPU.ActiveCfg = Debug|Any CPU
		{5D0EC9CD-E7B3-45D0-A234-EA4C0E4F6878}.Debug|Any CPU.Build.0 = Debug|Any CPU
		{5D0EC9CD-E7B3-45D0-A234-EA4C0E4F6878}.Debug|Any CPU.Deploy.0 = Debug|Any CPU
		{5D0EC9CD-E7B3-45D0-A234-EA4C0E4F6878}.Debug|ARM.ActiveCfg = Debug|ARM
		{5D0EC9CD-E7B3-45D0-A234-EA4C0E4F6878}.Debug|ARM.Build.0 = Debug|ARM
		{5D0EC9CD-E7B3-45D0-A234-EA4C0E4F6878}.Debug|ARM.Deploy.0 = Debug|ARM
		{5D0EC9CD-E7B3-45D0-A234-EA4C0E4F6878}.Debug|iPhone.ActiveCfg = Debug|Any CPU
		{5D0EC9CD-E7B3-45D0-A234-EA4C0E4F6878}.Debug|iPhone.Build.0 = Debug|Any CPU
		{5D0EC9CD-E7B3-45D0-A234-EA4C0E4F6878}.Debug|iPhone.Deploy.0 = Debug|Any CPU
		{5D0EC9CD-E7B3-45D0-A234-EA4C0E4F6878}.Debug|iPhoneSimulator.ActiveCfg = Debug|Any CPU
		{5D0EC9CD-E7B3-45D0-A234-EA4C0E4F6878}.Debug|iPhoneSimulator.Build.0 = Debug|Any CPU
		{5D0EC9CD-E7B3-45D0-A234-EA4C0E4F6878}.Debug|iPhoneSimulator.Deploy.0 = Debug|Any CPU
		{5D0EC9CD-E7B3-45D0-A234-EA4C0E4F6878}.Debug|Mixed Platforms.ActiveCfg = Debug|x86
		{5D0EC9CD-E7B3-45D0-A234-EA4C0E4F6878}.Debug|Mixed Platforms.Build.0 = Debug|x86
		{5D0EC9CD-E7B3-45D0-A234-EA4C0E4F6878}.Debug|Mixed Platforms.Deploy.0 = Debug|x86
		{5D0EC9CD-E7B3-45D0-A234-EA4C0E4F6878}.Debug|x86.ActiveCfg = Debug|x86
		{5D0EC9CD-E7B3-45D0-A234-EA4C0E4F6878}.Debug|x86.Build.0 = Debug|x86
		{5D0EC9CD-E7B3-45D0-A234-EA4C0E4F6878}.Debug|x86.Deploy.0 = Debug|x86
		{5D0EC9CD-E7B3-45D0-A234-EA4C0E4F6878}.Release|Any CPU.ActiveCfg = Release|Any CPU
		{5D0EC9CD-E7B3-45D0-A234-EA4C0E4F6878}.Release|Any CPU.Build.0 = Release|Any CPU
		{5D0EC9CD-E7B3-45D0-A234-EA4C0E4F6878}.Release|Any CPU.Deploy.0 = Release|Any CPU
		{5D0EC9CD-E7B3-45D0-A234-EA4C0E4F6878}.Release|ARM.ActiveCfg = Release|ARM
		{5D0EC9CD-E7B3-45D0-A234-EA4C0E4F6878}.Release|ARM.Build.0 = Release|ARM
		{5D0EC9CD-E7B3-45D0-A234-EA4C0E4F6878}.Release|ARM.Deploy.0 = Release|ARM
		{5D0EC9CD-E7B3-45D0-A234-EA4C0E4F6878}.Release|iPhone.ActiveCfg = Release|Any CPU
		{5D0EC9CD-E7B3-45D0-A234-EA4C0E4F6878}.Release|iPhone.Build.0 = Release|Any CPU
		{5D0EC9CD-E7B3-45D0-A234-EA4C0E4F6878}.Release|iPhone.Deploy.0 = Release|Any CPU
		{5D0EC9CD-E7B3-45D0-A234-EA4C0E4F6878}.Release|iPhoneSimulator.ActiveCfg = Release|Any CPU
		{5D0EC9CD-E7B3-45D0-A234-EA4C0E4F6878}.Release|iPhoneSimulator.Build.0 = Release|Any CPU
		{5D0EC9CD-E7B3-45D0-A234-EA4C0E4F6878}.Release|iPhoneSimulator.Deploy.0 = Release|Any CPU
		{5D0EC9CD-E7B3-45D0-A234-EA4C0E4F6878}.Release|Mixed Platforms.ActiveCfg = Release|x86
		{5D0EC9CD-E7B3-45D0-A234-EA4C0E4F6878}.Release|Mixed Platforms.Build.0 = Release|x86
		{5D0EC9CD-E7B3-45D0-A234-EA4C0E4F6878}.Release|Mixed Platforms.Deploy.0 = Release|x86
		{5D0EC9CD-E7B3-45D0-A234-EA4C0E4F6878}.Release|x86.ActiveCfg = Release|x86
		{5D0EC9CD-E7B3-45D0-A234-EA4C0E4F6878}.Release|x86.Build.0 = Release|x86
		{5D0EC9CD-E7B3-45D0-A234-EA4C0E4F6878}.Release|x86.Deploy.0 = Release|x86
		{9C3555A6-709B-4C9B-99C4-ABAC92D0BADE}.Ad-Hoc|Any CPU.ActiveCfg = Ad-Hoc|iPhone
		{9C3555A6-709B-4C9B-99C4-ABAC92D0BADE}.Ad-Hoc|ARM.ActiveCfg = Ad-Hoc|iPhone
		{9C3555A6-709B-4C9B-99C4-ABAC92D0BADE}.Ad-Hoc|iPhone.ActiveCfg = Ad-Hoc|iPhone
		{9C3555A6-709B-4C9B-99C4-ABAC92D0BADE}.Ad-Hoc|iPhone.Build.0 = Ad-Hoc|iPhone
		{9C3555A6-709B-4C9B-99C4-ABAC92D0BADE}.Ad-Hoc|iPhoneSimulator.ActiveCfg = Ad-Hoc|iPhoneSimulator
		{9C3555A6-709B-4C9B-99C4-ABAC92D0BADE}.Ad-Hoc|iPhoneSimulator.Build.0 = Ad-Hoc|iPhoneSimulator
		{9C3555A6-709B-4C9B-99C4-ABAC92D0BADE}.Ad-Hoc|Mixed Platforms.ActiveCfg = Ad-Hoc|iPhone
		{9C3555A6-709B-4C9B-99C4-ABAC92D0BADE}.Ad-Hoc|Mixed Platforms.Build.0 = Ad-Hoc|iPhone
		{9C3555A6-709B-4C9B-99C4-ABAC92D0BADE}.Ad-Hoc|x86.ActiveCfg = Ad-Hoc|iPhone
		{9C3555A6-709B-4C9B-99C4-ABAC92D0BADE}.AppStore|Any CPU.ActiveCfg = AppStore|iPhone
		{9C3555A6-709B-4C9B-99C4-ABAC92D0BADE}.AppStore|ARM.ActiveCfg = AppStore|iPhone
		{9C3555A6-709B-4C9B-99C4-ABAC92D0BADE}.AppStore|iPhone.ActiveCfg = AppStore|iPhone
		{9C3555A6-709B-4C9B-99C4-ABAC92D0BADE}.AppStore|iPhone.Build.0 = AppStore|iPhone
		{9C3555A6-709B-4C9B-99C4-ABAC92D0BADE}.AppStore|iPhoneSimulator.ActiveCfg = AppStore|iPhoneSimulator
		{9C3555A6-709B-4C9B-99C4-ABAC92D0BADE}.AppStore|iPhoneSimulator.Build.0 = AppStore|iPhoneSimulator
		{9C3555A6-709B-4C9B-99C4-ABAC92D0BADE}.AppStore|Mixed Platforms.ActiveCfg = AppStore|iPhone
		{9C3555A6-709B-4C9B-99C4-ABAC92D0BADE}.AppStore|Mixed Platforms.Build.0 = AppStore|iPhone
		{9C3555A6-709B-4C9B-99C4-ABAC92D0BADE}.AppStore|x86.ActiveCfg = AppStore|iPhone
		{9C3555A6-709B-4C9B-99C4-ABAC92D0BADE}.Debug|Any CPU.ActiveCfg = Debug|iPhone
		{9C3555A6-709B-4C9B-99C4-ABAC92D0BADE}.Debug|ARM.ActiveCfg = Debug|iPhone
		{9C3555A6-709B-4C9B-99C4-ABAC92D0BADE}.Debug|iPhone.ActiveCfg = Debug|iPhone
		{9C3555A6-709B-4C9B-99C4-ABAC92D0BADE}.Debug|iPhone.Build.0 = Debug|iPhone
		{9C3555A6-709B-4C9B-99C4-ABAC92D0BADE}.Debug|iPhoneSimulator.ActiveCfg = Debug|iPhoneSimulator
		{9C3555A6-709B-4C9B-99C4-ABAC92D0BADE}.Debug|iPhoneSimulator.Build.0 = Debug|iPhoneSimulator
		{9C3555A6-709B-4C9B-99C4-ABAC92D0BADE}.Debug|Mixed Platforms.ActiveCfg = Debug|iPhone
		{9C3555A6-709B-4C9B-99C4-ABAC92D0BADE}.Debug|Mixed Platforms.Build.0 = Debug|iPhone
		{9C3555A6-709B-4C9B-99C4-ABAC92D0BADE}.Debug|x86.ActiveCfg = Debug|iPhone
		{9C3555A6-709B-4C9B-99C4-ABAC92D0BADE}.Release|Any CPU.ActiveCfg = Release|iPhone
		{9C3555A6-709B-4C9B-99C4-ABAC92D0BADE}.Release|ARM.ActiveCfg = Release|iPhone
		{9C3555A6-709B-4C9B-99C4-ABAC92D0BADE}.Release|iPhone.ActiveCfg = Release|iPhone
		{9C3555A6-709B-4C9B-99C4-ABAC92D0BADE}.Release|iPhone.Build.0 = Release|iPhone
		{9C3555A6-709B-4C9B-99C4-ABAC92D0BADE}.Release|iPhoneSimulator.ActiveCfg = Release|iPhoneSimulator
		{9C3555A6-709B-4C9B-99C4-ABAC92D0BADE}.Release|iPhoneSimulator.Build.0 = Release|iPhoneSimulator
		{9C3555A6-709B-4C9B-99C4-ABAC92D0BADE}.Release|Mixed Platforms.ActiveCfg = Release|iPhone
		{9C3555A6-709B-4C9B-99C4-ABAC92D0BADE}.Release|Mixed Platforms.Build.0 = Release|iPhone
		{9C3555A6-709B-4C9B-99C4-ABAC92D0BADE}.Release|x86.ActiveCfg = Release|iPhone
		{D5AC3FF7-8EDD-4B89-836A-5B6C42B4E317}.Ad-Hoc|Any CPU.ActiveCfg = Release|Any CPU
		{D5AC3FF7-8EDD-4B89-836A-5B6C42B4E317}.Ad-Hoc|Any CPU.Build.0 = Release|Any CPU
		{D5AC3FF7-8EDD-4B89-836A-5B6C42B4E317}.Ad-Hoc|Any CPU.Deploy.0 = Release|Any CPU
		{D5AC3FF7-8EDD-4B89-836A-5B6C42B4E317}.Ad-Hoc|ARM.ActiveCfg = Release|Any CPU
		{D5AC3FF7-8EDD-4B89-836A-5B6C42B4E317}.Ad-Hoc|ARM.Build.0 = Release|Any CPU
		{D5AC3FF7-8EDD-4B89-836A-5B6C42B4E317}.Ad-Hoc|ARM.Deploy.0 = Release|Any CPU
		{D5AC3FF7-8EDD-4B89-836A-5B6C42B4E317}.Ad-Hoc|iPhone.ActiveCfg = Release|Any CPU
		{D5AC3FF7-8EDD-4B89-836A-5B6C42B4E317}.Ad-Hoc|iPhone.Build.0 = Release|Any CPU
		{D5AC3FF7-8EDD-4B89-836A-5B6C42B4E317}.Ad-Hoc|iPhone.Deploy.0 = Release|Any CPU
		{D5AC3FF7-8EDD-4B89-836A-5B6C42B4E317}.Ad-Hoc|iPhoneSimulator.ActiveCfg = Release|Any CPU
		{D5AC3FF7-8EDD-4B89-836A-5B6C42B4E317}.Ad-Hoc|iPhoneSimulator.Build.0 = Release|Any CPU
		{D5AC3FF7-8EDD-4B89-836A-5B6C42B4E317}.Ad-Hoc|iPhoneSimulator.Deploy.0 = Release|Any CPU
		{D5AC3FF7-8EDD-4B89-836A-5B6C42B4E317}.Ad-Hoc|Mixed Platforms.ActiveCfg = Release|Any CPU
		{D5AC3FF7-8EDD-4B89-836A-5B6C42B4E317}.Ad-Hoc|Mixed Platforms.Build.0 = Release|Any CPU
		{D5AC3FF7-8EDD-4B89-836A-5B6C42B4E317}.Ad-Hoc|Mixed Platforms.Deploy.0 = Release|Any CPU
		{D5AC3FF7-8EDD-4B89-836A-5B6C42B4E317}.Ad-Hoc|x86.ActiveCfg = Release|Any CPU
		{D5AC3FF7-8EDD-4B89-836A-5B6C42B4E317}.Ad-Hoc|x86.Build.0 = Release|Any CPU
		{D5AC3FF7-8EDD-4B89-836A-5B6C42B4E317}.Ad-Hoc|x86.Deploy.0 = Release|Any CPU
		{D5AC3FF7-8EDD-4B89-836A-5B6C42B4E317}.AppStore|Any CPU.ActiveCfg = Release|Any CPU
		{D5AC3FF7-8EDD-4B89-836A-5B6C42B4E317}.AppStore|Any CPU.Build.0 = Release|Any CPU
		{D5AC3FF7-8EDD-4B89-836A-5B6C42B4E317}.AppStore|Any CPU.Deploy.0 = Release|Any CPU
		{D5AC3FF7-8EDD-4B89-836A-5B6C42B4E317}.AppStore|ARM.ActiveCfg = Release|Any CPU
		{D5AC3FF7-8EDD-4B89-836A-5B6C42B4E317}.AppStore|ARM.Build.0 = Release|Any CPU
		{D5AC3FF7-8EDD-4B89-836A-5B6C42B4E317}.AppStore|ARM.Deploy.0 = Release|Any CPU
		{D5AC3FF7-8EDD-4B89-836A-5B6C42B4E317}.AppStore|iPhone.ActiveCfg = Release|Any CPU
		{D5AC3FF7-8EDD-4B89-836A-5B6C42B4E317}.AppStore|iPhone.Build.0 = Release|Any CPU
		{D5AC3FF7-8EDD-4B89-836A-5B6C42B4E317}.AppStore|iPhone.Deploy.0 = Release|Any CPU
		{D5AC3FF7-8EDD-4B89-836A-5B6C42B4E317}.AppStore|iPhoneSimulator.ActiveCfg = Release|Any CPU
		{D5AC3FF7-8EDD-4B89-836A-5B6C42B4E317}.AppStore|iPhoneSimulator.Build.0 = Release|Any CPU
		{D5AC3FF7-8EDD-4B89-836A-5B6C42B4E317}.AppStore|iPhoneSimulator.Deploy.0 = Release|Any CPU
		{D5AC3FF7-8EDD-4B89-836A-5B6C42B4E317}.AppStore|Mixed Platforms.ActiveCfg = Release|Any CPU
		{D5AC3FF7-8EDD-4B89-836A-5B6C42B4E317}.AppStore|Mixed Platforms.Build.0 = Release|Any CPU
		{D5AC3FF7-8EDD-4B89-836A-5B6C42B4E317}.AppStore|Mixed Platforms.Deploy.0 = Release|Any CPU
		{D5AC3FF7-8EDD-4B89-836A-5B6C42B4E317}.AppStore|x86.ActiveCfg = Release|Any CPU
		{D5AC3FF7-8EDD-4B89-836A-5B6C42B4E317}.AppStore|x86.Build.0 = Release|Any CPU
		{D5AC3FF7-8EDD-4B89-836A-5B6C42B4E317}.AppStore|x86.Deploy.0 = Release|Any CPU
		{D5AC3FF7-8EDD-4B89-836A-5B6C42B4E317}.Debug|Any CPU.ActiveCfg = Debug|Any CPU
		{D5AC3FF7-8EDD-4B89-836A-5B6C42B4E317}.Debug|Any CPU.Build.0 = Debug|Any CPU
		{D5AC3FF7-8EDD-4B89-836A-5B6C42B4E317}.Debug|Any CPU.Deploy.0 = Debug|Any CPU
		{D5AC3FF7-8EDD-4B89-836A-5B6C42B4E317}.Debug|ARM.ActiveCfg = Debug|Any CPU
		{D5AC3FF7-8EDD-4B89-836A-5B6C42B4E317}.Debug|ARM.Build.0 = Debug|Any CPU
		{D5AC3FF7-8EDD-4B89-836A-5B6C42B4E317}.Debug|ARM.Deploy.0 = Debug|Any CPU
		{D5AC3FF7-8EDD-4B89-836A-5B6C42B4E317}.Debug|iPhone.ActiveCfg = Debug|Any CPU
		{D5AC3FF7-8EDD-4B89-836A-5B6C42B4E317}.Debug|iPhone.Build.0 = Debug|Any CPU
		{D5AC3FF7-8EDD-4B89-836A-5B6C42B4E317}.Debug|iPhone.Deploy.0 = Debug|Any CPU
		{D5AC3FF7-8EDD-4B89-836A-5B6C42B4E317}.Debug|iPhoneSimulator.ActiveCfg = Debug|Any CPU
		{D5AC3FF7-8EDD-4B89-836A-5B6C42B4E317}.Debug|iPhoneSimulator.Build.0 = Debug|Any CPU
		{D5AC3FF7-8EDD-4B89-836A-5B6C42B4E317}.Debug|iPhoneSimulator.Deploy.0 = Debug|Any CPU
		{D5AC3FF7-8EDD-4B89-836A-5B6C42B4E317}.Debug|Mixed Platforms.ActiveCfg = Debug|Any CPU
		{D5AC3FF7-8EDD-4B89-836A-5B6C42B4E317}.Debug|Mixed Platforms.Build.0 = Debug|Any CPU
		{D5AC3FF7-8EDD-4B89-836A-5B6C42B4E317}.Debug|Mixed Platforms.Deploy.0 = Debug|Any CPU
		{D5AC3FF7-8EDD-4B89-836A-5B6C42B4E317}.Debug|x86.ActiveCfg = Debug|Any CPU
		{D5AC3FF7-8EDD-4B89-836A-5B6C42B4E317}.Debug|x86.Build.0 = Debug|Any CPU
		{D5AC3FF7-8EDD-4B89-836A-5B6C42B4E317}.Debug|x86.Deploy.0 = Debug|Any CPU
		{D5AC3FF7-8EDD-4B89-836A-5B6C42B4E317}.Release|Any CPU.ActiveCfg = Release|Any CPU
		{D5AC3FF7-8EDD-4B89-836A-5B6C42B4E317}.Release|Any CPU.Build.0 = Release|Any CPU
		{D5AC3FF7-8EDD-4B89-836A-5B6C42B4E317}.Release|Any CPU.Deploy.0 = Release|Any CPU
		{D5AC3FF7-8EDD-4B89-836A-5B6C42B4E317}.Release|ARM.ActiveCfg = Release|Any CPU
		{D5AC3FF7-8EDD-4B89-836A-5B6C42B4E317}.Release|ARM.Build.0 = Release|Any CPU
		{D5AC3FF7-8EDD-4B89-836A-5B6C42B4E317}.Release|ARM.Deploy.0 = Release|Any CPU
		{D5AC3FF7-8EDD-4B89-836A-5B6C42B4E317}.Release|iPhone.ActiveCfg = Release|Any CPU
		{D5AC3FF7-8EDD-4B89-836A-5B6C42B4E317}.Release|iPhone.Build.0 = Release|Any CPU
		{D5AC3FF7-8EDD-4B89-836A-5B6C42B4E317}.Release|iPhone.Deploy.0 = Release|Any CPU
		{D5AC3FF7-8EDD-4B89-836A-5B6C42B4E317}.Release|iPhoneSimulator.ActiveCfg = Release|Any CPU
		{D5AC3FF7-8EDD-4B89-836A-5B6C42B4E317}.Release|iPhoneSimulator.Build.0 = Release|Any CPU
		{D5AC3FF7-8EDD-4B89-836A-5B6C42B4E317}.Release|iPhoneSimulator.Deploy.0 = Release|Any CPU
		{D5AC3FF7-8EDD-4B89-836A-5B6C42B4E317}.Release|Mixed Platforms.ActiveCfg = Release|Any CPU
		{D5AC3FF7-8EDD-4B89-836A-5B6C42B4E317}.Release|Mixed Platforms.Build.0 = Release|Any CPU
		{D5AC3FF7-8EDD-4B89-836A-5B6C42B4E317}.Release|Mixed Platforms.Deploy.0 = Release|Any CPU
		{D5AC3FF7-8EDD-4B89-836A-5B6C42B4E317}.Release|x86.ActiveCfg = Release|Any CPU
		{D5AC3FF7-8EDD-4B89-836A-5B6C42B4E317}.Release|x86.Build.0 = Release|Any CPU
		{D5AC3FF7-8EDD-4B89-836A-5B6C42B4E317}.Release|x86.Deploy.0 = Release|Any CPU
	EndGlobalSection
	GlobalSection(SolutionProperties) = preSolution
		HideSolutionNode = FALSE
	EndGlobalSection
EndGlobal
